
Microsoft Visual Studio Solution File, Format Version 12.00
# Visual Studio Version 16
VisualStudioVersion = 16.0.29306.81
MinimumVisualStudioVersion = 10.0.40219.1
Project("{FAE04EC0-301F-11D3-BF4B-00C04F79EFBC}") = "Titre", "Titre\Titre.csproj", "{9F8E37B8-474C-48BC-8388-4C1A229622F1}"
EndProject
Project("{FAE04EC0-301F-11D3-BF4B-00C04F79EFBC}") = "Cache cache", "Cache cache\Cache cache.csproj", "{14D2ED32-4665-497E-993A-3C6093E167F5}"
EndProject
Project("{FAE04EC0-301F-11D3-BF4B-00C04F79EFBC}") = "Telecommande", "Telecommande\Telecommande.csproj", "{ADBA4F42-3320-45BF-AA3F-70C55AA026AE}"
EndProject
Project("{FAE04EC0-301F-11D3-BF4B-00C04F79EFBC}") = "Compteur", "Compteur\Compteur.csproj", "{E442CA87-B33C-4D40-B54A-F69E5EEED63C}"
EndProject
Project("{FAE04EC0-301F-11D3-BF4B-00C04F79EFBC}") = "Agglutinez-vous", "Agglutinez-vous\Agglutinez-vous.csproj", "{8A265D79-37E3-4F04-B2CC-9D1FE67780B4}"
EndProject
Project("{FAE04EC0-301F-11D3-BF4B-00C04F79EFBC}") = "Calculator", "Calculator\Calculator.csproj", "{ECDA3926-E472-4148-997E-0865A701BED0}"
EndProject
Project("{FAE04EC0-301F-11D3-BF4B-00C04F79EFBC}") = "usine_a_messages", "usine_a_messages\usine_a_messages.csproj", "{EADC73A5-C52B-47A1-BDBC-EEFB936E59A5}"
EndProject
Global
	GlobalSection(SolutionConfigurationPlatforms) = preSolution
		Debug|Any CPU = Debug|Any CPU
		Release|Any CPU = Release|Any CPU
	EndGlobalSection
	GlobalSection(ProjectConfigurationPlatforms) = postSolution
		{9F8E37B8-474C-48BC-8388-4C1A229622F1}.Debug|Any CPU.ActiveCfg = Debug|Any CPU
		{9F8E37B8-474C-48BC-8388-4C1A229622F1}.Debug|Any CPU.Build.0 = Debug|Any CPU
		{9F8E37B8-474C-48BC-8388-4C1A229622F1}.Release|Any CPU.ActiveCfg = Release|Any CPU
		{9F8E37B8-474C-48BC-8388-4C1A229622F1}.Release|Any CPU.Build.0 = Release|Any CPU
		{14D2ED32-4665-497E-993A-3C6093E167F5}.Debug|Any CPU.ActiveCfg = Debug|Any CPU
		{14D2ED32-4665-497E-993A-3C6093E167F5}.Debug|Any CPU.Build.0 = Debug|Any CPU
		{14D2ED32-4665-497E-993A-3C6093E167F5}.Release|Any CPU.ActiveCfg = Release|Any CPU
		{14D2ED32-4665-497E-993A-3C6093E167F5}.Release|Any CPU.Build.0 = Release|Any CPU
		{ADBA4F42-3320-45BF-AA3F-70C55AA026AE}.Debug|Any CPU.ActiveCfg = Debug|Any CPU
		{ADBA4F42-3320-45BF-AA3F-70C55AA026AE}.Debug|Any CPU.Build.0 = Debug|Any CPU
		{ADBA4F42-3320-45BF-AA3F-70C55AA026AE}.Release|Any CPU.ActiveCfg = Release|Any CPU
		{ADBA4F42-3320-45BF-AA3F-70C55AA026AE}.Release|Any CPU.Build.0 = Release|Any CPU
		{E442CA87-B33C-4D40-B54A-F69E5EEED63C}.Debug|Any CPU.ActiveCfg = Debug|Any CPU
		{E442CA87-B33C-4D40-B54A-F69E5EEED63C}.Debug|Any CPU.Build.0 = Debug|Any CPU
		{E442CA87-B33C-4D40-B54A-F69E5EEED63C}.Release|Any CPU.ActiveCfg = Release|Any CPU
		{E442CA87-B33C-4D40-B54A-F69E5EEED63C}.Release|Any CPU.Build.0 = Release|Any CPU
		{8A265D79-37E3-4F04-B2CC-9D1FE67780B4}.Debug|Any CPU.ActiveCfg = Debug|Any CPU
		{8A265D79-37E3-4F04-B2CC-9D1FE67780B4}.Debug|Any CPU.Build.0 = Debug|Any CPU
		{8A265D79-37E3-4F04-B2CC-9D1FE67780B4}.Release|Any CPU.ActiveCfg = Release|Any CPU
		{8A265D79-37E3-4F04-B2CC-9D1FE67780B4}.Release|Any CPU.Build.0 = Release|Any CPU
		{ECDA3926-E472-4148-997E-0865A701BED0}.Debug|Any CPU.ActiveCfg = Debug|Any CPU
		{ECDA3926-E472-4148-997E-0865A701BED0}.Debug|Any CPU.Build.0 = Debug|Any CPU
		{ECDA3926-E472-4148-997E-0865A701BED0}.Release|Any CPU.ActiveCfg = Release|Any CPU
		{ECDA3926-E472-4148-997E-0865A701BED0}.Release|Any CPU.Build.0 = Release|Any CPU
		{EADC73A5-C52B-47A1-BDBC-EEFB936E59A5}.Debug|Any CPU.ActiveCfg = Debug|Any CPU
		{EADC73A5-C52B-47A1-BDBC-EEFB936E59A5}.Debug|Any CPU.Build.0 = Debug|Any CPU
		{EADC73A5-C52B-47A1-BDBC-EEFB936E59A5}.Release|Any CPU.ActiveCfg = Release|Any CPU
		{EADC73A5-C52B-47A1-BDBC-EEFB936E59A5}.Release|Any CPU.Build.0 = Release|Any CPU
	EndGlobalSection
	GlobalSection(SolutionProperties) = preSolution
		HideSolutionNode = FALSE
	EndGlobalSection
	GlobalSection(ExtensibilityGlobals) = postSolution
		SolutionGuid = {79F23842-D75E-438A-B99C-9358EC2C9841}
	EndGlobalSection
EndGlobal
