
Microsoft Visual Studio Solution File, Format Version 12.00
# Visual Studio Version 16
VisualStudioVersion = 16.0.29306.81
MinimumVisualStudioVersion = 10.0.40219.1
Project("{F184B08F-C81C-45F6-A57F-5ABD9991F28F}") = "test", "test.vbproj", "{1F571ACF-9CA9-4DB6-9D58-8AD48ADFC6E8}"
EndProject
Project("{F184B08F-C81C-45F6-A57F-5ABD9991F28F}") = "TP SI4", "..\TP SI4\TP SI4.vbproj", "{9557C432-FD49-49BE-B52C-CCC24058219E}"
EndProject
Global
	GlobalSection(SolutionConfigurationPlatforms) = preSolution
		Debug|Any CPU = Debug|Any CPU
		Release|Any CPU = Release|Any CPU
	EndGlobalSection
	GlobalSection(ProjectConfigurationPlatforms) = postSolution
		{1F571ACF-9CA9-4DB6-9D58-8AD48ADFC6E8}.Debug|Any CPU.ActiveCfg = Debug|Any CPU
		{1F571ACF-9CA9-4DB6-9D58-8AD48ADFC6E8}.Debug|Any CPU.Build.0 = Debug|Any CPU
		{1F571ACF-9CA9-4DB6-9D58-8AD48ADFC6E8}.Release|Any CPU.ActiveCfg = Release|Any CPU
		{1F571ACF-9CA9-4DB6-9D58-8AD48ADFC6E8}.Release|Any CPU.Build.0 = Release|Any CPU
		{9557C432-FD49-49BE-B52C-CCC24058219E}.Debug|Any CPU.ActiveCfg = Debug|Any CPU
		{9557C432-FD49-49BE-B52C-CCC24058219E}.Debug|Any CPU.Build.0 = Debug|Any CPU
		{9557C432-FD49-49BE-B52C-CCC24058219E}.Release|Any CPU.ActiveCfg = Release|Any CPU
		{9557C432-FD49-49BE-B52C-CCC24058219E}.Release|Any CPU.Build.0 = Release|Any CPU
	EndGlobalSection
	GlobalSection(SolutionProperties) = preSolution
		HideSolutionNode = FALSE
	EndGlobalSection
	GlobalSection(ExtensibilityGlobals) = postSolution
		SolutionGuid = {3BC26D18-EB50-4DBF-9C27-0E5DCD89F9AC}
	EndGlobalSection
EndGlobal
